
Microsoft Visual Studio Solution File, Format Version 12.00
# Visual Studio Version 17
VisualStudioVersion = 17.10.35004.147
MinimumVisualStudioVersion = 10.0.40219.1
Project("{FAE04EC0-301F-11D3-BF4B-00C04F79EFBC}") = "Organizzi", "Organizzi.csproj", "{6CA67053-0FF7-4873-A4D9-2B17CFE4FEDD}"
EndProject
Global
	GlobalSection(SolutionConfigurationPlatforms) = preSolution
		Debug|Any CPU = Debug|Any CPU
		Release|Any CPU = Release|Any CPU
	EndGlobalSection
	GlobalSection(ProjectConfigurationPlatforms) = postSolution
		{6CA67053-0FF7-4873-A4D9-2B17CFE4FEDD}.Debug|Any CPU.ActiveCfg = Debug|Any CPU
		{6CA67053-0FF7-4873-A4D9-2B17CFE4FEDD}.Debug|Any CPU.Build.0 = Debug|Any CPU
		{6CA67053-0FF7-4873-A4D9-2B17CFE4FEDD}.Release|Any CPU.ActiveCfg = Release|Any CPU
		{6CA67053-0FF7-4873-A4D9-2B17CFE4FEDD}.Release|Any CPU.Build.0 = Release|Any CPU
	EndGlobalSection
	GlobalSection(SolutionProperties) = preSolution
		HideSolutionNode = FALSE
	EndGlobalSection
	GlobalSection(ExtensibilityGlobals) = postSolution
		SolutionGuid = {A20B7618-D69E-4B0F-BD78-210BD7E7FE08}
	EndGlobalSection
EndGlobal
